
Microsoft Visual Studio Solution File, Format Version 12.00
# Visual Studio Version 17
VisualStudioVersion = 17.7.34003.232
MinimumVisualStudioVersion = 10.0.40219.1
Project("{FAE04EC0-301F-11D3-BF4B-00C04F79EFBC}") = "ProyectoIntegradorTaller", "ProyectoIntegradorTaller\ProyectoIntegradorTaller.csproj", "{15D086E4-894C-4C41-9A04-46F11CCA5067}"
EndProject
Global
	GlobalSection(SolutionConfigurationPlatforms) = preSolution
		Debug|Any CPU = Debug|Any CPU
		Release|Any CPU = Release|Any CPU
	EndGlobalSection
	GlobalSection(ProjectConfigurationPlatforms) = postSolution
		{15D086E4-894C-4C41-9A04-46F11CCA5067}.Debug|Any CPU.ActiveCfg = Debug|Any CPU
		{15D086E4-894C-4C41-9A04-46F11CCA5067}.Debug|Any CPU.Build.0 = Debug|Any CPU
		{15D086E4-894C-4C41-9A04-46F11CCA5067}.Release|Any CPU.ActiveCfg = Release|Any CPU
		{15D086E4-894C-4C41-9A04-46F11CCA5067}.Release|Any CPU.Build.0 = Release|Any CPU
	EndGlobalSection
	GlobalSection(SolutionProperties) = preSolution
		HideSolutionNode = FALSE
	EndGlobalSection
	GlobalSection(ExtensibilityGlobals) = postSolution
		SolutionGuid = {6D2A38A5-970D-42E9-A1C3-E6F125C8F899}
	EndGlobalSection
EndGlobal
